
Microsoft Visual Studio Solution File, Format Version 12.00
# Visual Studio Version 17
VisualStudioVersion = 17.11.35312.102
MinimumVisualStudioVersion = 10.0.40219.1
Project("{FAE04EC0-301F-11D3-BF4B-00C04F79EFBC}") = "CurrencyExchangeRates.API", "CurrencyExchangeRates.API\CurrencyExchangeRates.API.csproj", "{854A40B9-0E1D-45FB-9412-EBB1751137EF}"
EndProject
Project("{FAE04EC0-301F-11D3-BF4B-00C04F79EFBC}") = "CurrencyExchangeRates.Gateway", "CurrencyExchangeRates.Gateway\CurrencyExchangeRates.Gateway.csproj", "{3ECDA242-F917-4940-AADA-42875A22F8AE}"
EndProject
Project("{FAE04EC0-301F-11D3-BF4B-00C04F79EFBC}") = "CurrencyExchangeRates.Core", "CurrencyExchangeRates.Core\CurrencyExchangeRates.Core.csproj", "{E01CE625-21D4-40B3-B058-7233CFFF3D98}"
EndProject
Project("{FAE04EC0-301F-11D3-BF4B-00C04F79EFBC}") = "CurrencyExchangeRates.Data", "CurrencyExchangeRates.Data\CurrencyExchangeRates.Data.csproj", "{3F015D59-61BC-435F-9D87-3922942A7C2D}"
EndProject
Project("{FAE04EC0-301F-11D3-BF4B-00C04F79EFBC}") = "CurrencyExchangeRates.Jobs", "CurrencyExchangeRates.Jobs\CurrencyExchangeRates.Jobs.csproj", "{9475A06B-541F-4860-8EA8-4FF38A43027E}"
EndProject
Project("{FAE04EC0-301F-11D3-BF4B-00C04F79EFBC}") = "CurrencyExchangeRates.Tests", "CurrencyExchangeRates.Tests\CurrencyExchangeRates.Tests.csproj", "{6316EA0F-57E6-400E-9AA8-C2D92A176B2F}"
EndProject
Global
	GlobalSection(SolutionConfigurationPlatforms) = preSolution
		Debug|Any CPU = Debug|Any CPU
		Release|Any CPU = Release|Any CPU
	EndGlobalSection
	GlobalSection(ProjectConfigurationPlatforms) = postSolution
		{854A40B9-0E1D-45FB-9412-EBB1751137EF}.Debug|Any CPU.ActiveCfg = Debug|Any CPU
		{854A40B9-0E1D-45FB-9412-EBB1751137EF}.Debug|Any CPU.Build.0 = Debug|Any CPU
		{854A40B9-0E1D-45FB-9412-EBB1751137EF}.Release|Any CPU.ActiveCfg = Release|Any CPU
		{854A40B9-0E1D-45FB-9412-EBB1751137EF}.Release|Any CPU.Build.0 = Release|Any CPU
		{3ECDA242-F917-4940-AADA-42875A22F8AE}.Debug|Any CPU.ActiveCfg = Debug|Any CPU
		{3ECDA242-F917-4940-AADA-42875A22F8AE}.Debug|Any CPU.Build.0 = Debug|Any CPU
		{3ECDA242-F917-4940-AADA-42875A22F8AE}.Release|Any CPU.ActiveCfg = Release|Any CPU
		{3ECDA242-F917-4940-AADA-42875A22F8AE}.Release|Any CPU.Build.0 = Release|Any CPU
		{E01CE625-21D4-40B3-B058-7233CFFF3D98}.Debug|Any CPU.ActiveCfg = Debug|Any CPU
		{E01CE625-21D4-40B3-B058-7233CFFF3D98}.Debug|Any CPU.Build.0 = Debug|Any CPU
		{E01CE625-21D4-40B3-B058-7233CFFF3D98}.Release|Any CPU.ActiveCfg = Release|Any CPU
		{E01CE625-21D4-40B3-B058-7233CFFF3D98}.Release|Any CPU.Build.0 = Release|Any CPU
		{3F015D59-61BC-435F-9D87-3922942A7C2D}.Debug|Any CPU.ActiveCfg = Debug|Any CPU
		{3F015D59-61BC-435F-9D87-3922942A7C2D}.Debug|Any CPU.Build.0 = Debug|Any CPU
		{3F015D59-61BC-435F-9D87-3922942A7C2D}.Release|Any CPU.ActiveCfg = Release|Any CPU
		{3F015D59-61BC-435F-9D87-3922942A7C2D}.Release|Any CPU.Build.0 = Release|Any CPU
		{9475A06B-541F-4860-8EA8-4FF38A43027E}.Debug|Any CPU.ActiveCfg = Debug|Any CPU
		{9475A06B-541F-4860-8EA8-4FF38A43027E}.Debug|Any CPU.Build.0 = Debug|Any CPU
		{9475A06B-541F-4860-8EA8-4FF38A43027E}.Release|Any CPU.ActiveCfg = Release|Any CPU
		{9475A06B-541F-4860-8EA8-4FF38A43027E}.Release|Any CPU.Build.0 = Release|Any CPU
		{6316EA0F-57E6-400E-9AA8-C2D92A176B2F}.Debug|Any CPU.ActiveCfg = Debug|Any CPU
		{6316EA0F-57E6-400E-9AA8-C2D92A176B2F}.Debug|Any CPU.Build.0 = Debug|Any CPU
		{6316EA0F-57E6-400E-9AA8-C2D92A176B2F}.Release|Any CPU.ActiveCfg = Release|Any CPU
		{6316EA0F-57E6-400E-9AA8-C2D92A176B2F}.Release|Any CPU.Build.0 = Release|Any CPU
	EndGlobalSection
	GlobalSection(SolutionProperties) = preSolution
		HideSolutionNode = FALSE
	EndGlobalSection
	GlobalSection(ExtensibilityGlobals) = postSolution
		SolutionGuid = {535F894F-01E3-4339-9DD2-17C49AD905F2}
	EndGlobalSection
EndGlobal
