
Microsoft Visual Studio Solution File, Format Version 12.00
# Visual Studio Version 17
VisualStudioVersion = 17.11.35312.102
MinimumVisualStudioVersion = 10.0.40219.1
Project("{9A19103F-16F7-4668-BE54-9A1E7A4F7556}") = "NoviCurrencyWallet.API", "NoviCurrencyWallet.API\NoviCurrencyWallet.API.csproj", "{C32876AF-C78B-450C-91CF-F7F4EFB090E2}"
EndProject
Project("{9A19103F-16F7-4668-BE54-9A1E7A4F7556}") = "NoviCurrencyWallet.Core", "NoviCurrencyWallet.Core\NoviCurrencyWallet.Core.csproj", "{487E5595-8BD1-4F26-8CF2-8CBF13953B8D}"
EndProject
Project("{9A19103F-16F7-4668-BE54-9A1E7A4F7556}") = "NoviCurrencyWallet.Data", "NoviCurrencyWallet.Data\NoviCurrencyWallet.Data.csproj", "{E0EC85F3-0043-441A-9133-65B2A2D45BFF}"
EndProject
Project("{9A19103F-16F7-4668-BE54-9A1E7A4F7556}") = "NoviCurrencyWallet.Gateway", "NoviCurrencyWallet.Gateway\NoviCurrencyWallet.Gateway.csproj", "{4BAA32F9-2FF9-407C-9B05-9839481F2B13}"
EndProject
Project("{2150E333-8FDC-42A3-9474-1A3956D46DE8}") = "Solution Items", "Solution Items", "{9DFAB734-219A-4E67-8CB4-0B7603BF04B3}"
	ProjectSection(SolutionItems) = preProject
		NoviCurrencyWallet.Jobs\RetrieveRatesBackgroundJob.cs = NoviCurrencyWallet.Jobs\RetrieveRatesBackgroundJob.cs
	EndProjectSection
EndProject
Project("{9A19103F-16F7-4668-BE54-9A1E7A4F7556}") = "NoviCurrencyWallet.Tests", "NoviCurrencyWallet.Tests\NoviCurrencyWallet.Tests.csproj", "{C3EDCADD-1321-4F7A-83DC-DFF4EBD3A499}"
EndProject
Project("{9A19103F-16F7-4668-BE54-9A1E7A4F7556}") = "NoviCurrencyWallet.Jobs", "NoviCurrencyWallet.Jobs\NoviCurrencyWallet.Jobs.csproj", "{8D7F7E46-A41F-47FE-8369-C3257E979F64}"
EndProject
Global
	GlobalSection(SolutionConfigurationPlatforms) = preSolution
		Debug|Any CPU = Debug|Any CPU
		Release|Any CPU = Release|Any CPU
	EndGlobalSection
	GlobalSection(ProjectConfigurationPlatforms) = postSolution
		{C32876AF-C78B-450C-91CF-F7F4EFB090E2}.Debug|Any CPU.ActiveCfg = Debug|Any CPU
		{C32876AF-C78B-450C-91CF-F7F4EFB090E2}.Debug|Any CPU.Build.0 = Debug|Any CPU
		{C32876AF-C78B-450C-91CF-F7F4EFB090E2}.Release|Any CPU.ActiveCfg = Release|Any CPU
		{C32876AF-C78B-450C-91CF-F7F4EFB090E2}.Release|Any CPU.Build.0 = Release|Any CPU
		{487E5595-8BD1-4F26-8CF2-8CBF13953B8D}.Debug|Any CPU.ActiveCfg = Debug|Any CPU
		{487E5595-8BD1-4F26-8CF2-8CBF13953B8D}.Debug|Any CPU.Build.0 = Debug|Any CPU
		{487E5595-8BD1-4F26-8CF2-8CBF13953B8D}.Release|Any CPU.ActiveCfg = Release|Any CPU
		{487E5595-8BD1-4F26-8CF2-8CBF13953B8D}.Release|Any CPU.Build.0 = Release|Any CPU
		{E0EC85F3-0043-441A-9133-65B2A2D45BFF}.Debug|Any CPU.ActiveCfg = Debug|Any CPU
		{E0EC85F3-0043-441A-9133-65B2A2D45BFF}.Debug|Any CPU.Build.0 = Debug|Any CPU
		{E0EC85F3-0043-441A-9133-65B2A2D45BFF}.Release|Any CPU.ActiveCfg = Release|Any CPU
		{E0EC85F3-0043-441A-9133-65B2A2D45BFF}.Release|Any CPU.Build.0 = Release|Any CPU
		{4BAA32F9-2FF9-407C-9B05-9839481F2B13}.Debug|Any CPU.ActiveCfg = Debug|Any CPU
		{4BAA32F9-2FF9-407C-9B05-9839481F2B13}.Debug|Any CPU.Build.0 = Debug|Any CPU
		{4BAA32F9-2FF9-407C-9B05-9839481F2B13}.Release|Any CPU.ActiveCfg = Release|Any CPU
		{4BAA32F9-2FF9-407C-9B05-9839481F2B13}.Release|Any CPU.Build.0 = Release|Any CPU
		{C3EDCADD-1321-4F7A-83DC-DFF4EBD3A499}.Debug|Any CPU.ActiveCfg = Debug|Any CPU
		{C3EDCADD-1321-4F7A-83DC-DFF4EBD3A499}.Debug|Any CPU.Build.0 = Debug|Any CPU
		{C3EDCADD-1321-4F7A-83DC-DFF4EBD3A499}.Release|Any CPU.ActiveCfg = Release|Any CPU
		{C3EDCADD-1321-4F7A-83DC-DFF4EBD3A499}.Release|Any CPU.Build.0 = Release|Any CPU
		{8D7F7E46-A41F-47FE-8369-C3257E979F64}.Debug|Any CPU.ActiveCfg = Debug|Any CPU
		{8D7F7E46-A41F-47FE-8369-C3257E979F64}.Debug|Any CPU.Build.0 = Debug|Any CPU
		{8D7F7E46-A41F-47FE-8369-C3257E979F64}.Release|Any CPU.ActiveCfg = Release|Any CPU
		{8D7F7E46-A41F-47FE-8369-C3257E979F64}.Release|Any CPU.Build.0 = Release|Any CPU
	EndGlobalSection
	GlobalSection(SolutionProperties) = preSolution
		HideSolutionNode = FALSE
	EndGlobalSection
	GlobalSection(ExtensibilityGlobals) = postSolution
		SolutionGuid = {535F894F-01E3-4339-9DD2-17C49AD905F2}
	EndGlobalSection
EndGlobal
